{
    "_readme": [
        "This file locks the dependencies of your project to a known state",
        "Read more about it at https://getcomposer.org/doc/01-basic-usage.md#installing-dependencies",
        "This file is @generated automatically"
    ],
    "content-hash": "a6cfa1c80cb694bab2a00a50051c11c1",
    "packages": [
        {
            "name": "domnikl/statsd",
            "version": "3.0.0",
            "source": {
                "type": "git",
                "url": "https://github.com/domnikl/statsd-php.git",
                "reference": "c21a67cf6fa7d6ec5d347a179fd122f546e57752"
            },
            "dist": {
                "type": "zip",
                "url": "https://api.github.com/repos/domnikl/statsd-php/zipball/c21a67cf6fa7d6ec5d347a179fd122f546e57752",
                "reference": "c21a67cf6fa7d6ec5d347a179fd122f546e57752",
                "shasum": ""
            },
            "require": {
                "php": ">= 7.2"
            },
            "require-dev": {
                "flyeralarm/php-code-validator": "^2.2",
                "phpunit/phpunit": "~8.0",
                "vimeo/psalm": "^3.4"
            },
            "type": "library",
            "autoload": {
                "psr-4": {
                    "Domnikl\\Statsd\\": "src/",
                    "Domnikl\\Test\\Statsd\\": "tests/unit"
                }
            },
            "notification-url": "https://packagist.org/downloads/",
            "license": [
                "MIT"
            ],
            "authors": [
                {
                    "name": "Dominik Liebler",
                    "email": "liebler.dominik@gmail.com"
                }
            ],
            "description": "a PHP client for statsd",
            "homepage": "https://domnikl.github.com/statsd-php",
            "keywords": [
                "Metrics",
                "monitoring",
                "statistics",
                "statsd",
                "udp"
            ],
            "time": "2019-09-02T06:56:59+00:00"
        }
    ],
    "packages-dev": [],
    "aliases": [],
    "minimum-stability": "stable",
    "stability-flags": [],
    "prefer-stable": false,
    "prefer-lowest": false,
    "platform": [],
    "platform-dev": []
}
